// !$*UTF8*$!
{
	archiveVersion = 1;
	classes = {
	};
	objectVersion = 55;
	objects = {

/* Begin PBXBuildFile section */
		870EC0F628974C0700ED8CC1 /* AppDelegate.swift in Sources */ = {isa = PBXBuildFile; fileRef = 870EC0F528974C0700ED8CC1 /* AppDelegate.swift */; };
		870EC0F828974C0700ED8CC1 /* SceneDelegate.swift in Sources */ = {isa = PBXBuildFile; fileRef = 870EC0F728974C0700ED8CC1 /* SceneDelegate.swift */; };
		870EC0FA28974C0700ED8CC1 /* ViewController.swift in Sources */ = {isa = PBXBuildFile; fileRef = 870EC0F928974C0700ED8CC1 /* ViewController.swift */; };
		870EC0FD28974C0700ED8CC1 /* Main.storyboard in Resources */ = {isa = PBXBuildFile; fileRef = 870EC0FB28974C0700ED8CC1 /* Main.storyboard */; };
		870EC0FF28974C0800ED8CC1 /* Assets.xcassets in Resources */ = {isa = PBXBuildFile; fileRef = 870EC0FE28974C0800ED8CC1 /* Assets.xcassets */; };
		870EC10228974C0800ED8CC1 /* LaunchScreen.storyboard in Resources */ = {isa = PBXBuildFile; fileRef = 870EC10028974C0800ED8CC1 /* LaunchScreen.storyboard */; };
		870EC10B28974C3E00ED8CC1 /* RxCocoa in Frameworks */ = {isa = PBXBuildFile; productRef = 870EC10A28974C3E00ED8CC1 /* RxCocoa */; };
		870EC10D28974C3E00ED8CC1 /* RxSwift in Frameworks */ = {isa = PBXBuildFile; productRef = 870EC10C28974C3E00ED8CC1 /* RxSwift */; };
		870EC10F28974CC500ED8CC1 /* SampleModel.swift in Sources */ = {isa = PBXBuildFile; fileRef = 870EC10E28974CC500ED8CC1 /* SampleModel.swift */; };
		870EC11128974D0F00ED8CC1 /* SampleViewModel.swift in Sources */ = {isa = PBXBuildFile; fileRef = 870EC11028974D0F00ED8CC1 /* SampleViewModel.swift */; };
		870EC11628974D8700ED8CC1 /* TableViewCell.swift in Sources */ = {isa = PBXBuildFile; fileRef = 870EC11428974D8700ED8CC1 /* TableViewCell.swift */; };
		870EC11728974D8700ED8CC1 /* TableViewCell.xib in Resources */ = {isa = PBXBuildFile; fileRef = 870EC11528974D8700ED8CC1 /* TableViewCell.xib */; };
		870EC1192897531900ED8CC1 /* MyDataSource.swift in Sources */ = {isa = PBXBuildFile; fileRef = 870EC1182897531900ED8CC1 /* MyDataSource.swift */; };
/* End PBXBuildFile section */

/* Begin PBXFileReference section */
		870EC0F228974C0700ED8CC1 /* MiniApp70-RxSwift12-TableView.app */ = {isa = PBXFileReference; explicitFileType = wrapper.application; includeInIndex = 0; path = "MiniApp70-RxSwift12-TableView.app"; sourceTree = BUILT_PRODUCTS_DIR; };
		870EC0F528974C0700ED8CC1 /* AppDelegate.swift */ = {isa = PBXFileReference; lastKnownFileType = sourcecode.swift; path = AppDelegate.swift; sourceTree = "<group>"; };
		870EC0F728974C0700ED8CC1 /* SceneDelegate.swift */ = {isa = PBXFileReference; lastKnownFileType = sourcecode.swift; path = SceneDelegate.swift; sourceTree = "<group>"; };
		870EC0F928974C0700ED8CC1 /* ViewController.swift */ = {isa = PBXFileReference; lastKnownFileType = sourcecode.swift; path = ViewController.swift; sourceTree = "<group>"; };
		870EC0FC28974C0700ED8CC1 /* Base */ = {isa = PBXFileReference; lastKnownFileType = file.storyboard; name = Base; path = Base.lproj/Main.storyboard; sourceTree = "<group>"; };
		870EC0FE28974C0800ED8CC1 /* Assets.xcassets */ = {isa = PBXFileReference; lastKnownFileType = folder.assetcatalog; path = Assets.xcassets; sourceTree = "<group>"; };
		870EC10128974C0800ED8CC1 /* Base */ = {isa = PBXFileReference; lastKnownFileType = file.storyboard; name = Base; path = Base.lproj/LaunchScreen.storyboard; sourceTree = "<group>"; };
		870EC10328974C0800ED8CC1 /* Info.plist */ = {isa = PBXFileReference; lastKnownFileType = text.plist.xml; path = Info.plist; sourceTree = "<group>"; };
		870EC10E28974CC500ED8CC1 /* SampleModel.swift */ = {isa = PBXFileReference; lastKnownFileType = sourcecode.swift; path = SampleModel.swift; sourceTree = "<group>"; };
		870EC11028974D0F00ED8CC1 /* SampleViewModel.swift */ = {isa = PBXFileReference; lastKnownFileType = sourcecode.swift; path = SampleViewModel.swift; sourceTree = "<group>"; };
		870EC11428974D8700ED8CC1 /* TableViewCell.swift */ = {isa = PBXFileReference; lastKnownFileType = sourcecode.swift; path = TableViewCell.swift; sourceTree = "<group>"; };
		870EC11528974D8700ED8CC1 /* TableViewCell.xib */ = {isa = PBXFileReference; lastKnownFileType = file.xib; path = TableViewCell.xib; sourceTree = "<group>"; };
		870EC1182897531900ED8CC1 /* MyDataSource.swift */ = {isa = PBXFileReference; lastKnownFileType = sourcecode.swift; path = MyDataSource.swift; sourceTree = "<group>"; };
/* End PBXFileReference section */

/* Begin PBXFrameworksBuildPhase section */
		870EC0EF28974C0700ED8CC1 /* Frameworks */ = {
			isa = PBXFrameworksBuildPhase;
			buildActionMask = 2147483647;
			files = (
				870EC10D28974C3E00ED8CC1 /* RxSwift in Frameworks */,
				870EC10B28974C3E00ED8CC1 /* RxCocoa in Frameworks */,
			);
			runOnlyForDeploymentPostprocessing = 0;
		};
/* End PBXFrameworksBuildPhase section */

/* Begin PBXGroup section */
		870EC0E928974C0700ED8CC1 = {
			isa = PBXGroup;
			children = (
				870EC0F428974C0700ED8CC1 /* MiniApp70-RxSwift12-TableView */,
				870EC0F328974C0700ED8CC1 /* Products */,
			);
			sourceTree = "<group>";
		};
		870EC0F328974C0700ED8CC1 /* Products */ = {
			isa = PBXGroup;
			children = (
				870EC0F228974C0700ED8CC1 /* MiniApp70-RxSwift12-TableView.app */,
			);
			name = Products;
			sourceTree = "<group>";
		};
		870EC0F428974C0700ED8CC1 /* MiniApp70-RxSwift12-TableView */ = {
			isa = PBXGroup;
			children = (
				870EC0F528974C0700ED8CC1 /* AppDelegate.swift */,
				870EC0F728974C0700ED8CC1 /* SceneDelegate.swift */,
				870EC0F928974C0700ED8CC1 /* ViewController.swift */,
				870EC0FB28974C0700ED8CC1 /* Main.storyboard */,
				870EC0FE28974C0800ED8CC1 /* Assets.xcassets */,
				870EC10028974C0800ED8CC1 /* LaunchScreen.storyboard */,
				870EC10328974C0800ED8CC1 /* Info.plist */,
				870EC10E28974CC500ED8CC1 /* SampleModel.swift */,
				870EC11028974D0F00ED8CC1 /* SampleViewModel.swift */,
				870EC11428974D8700ED8CC1 /* TableViewCell.swift */,
				870EC11528974D8700ED8CC1 /* TableViewCell.xib */,
				870EC1182897531900ED8CC1 /* MyDataSource.swift */,
			);
			path = "MiniApp70-RxSwift12-TableView";
			sourceTree = "<group>";
		};
/* End PBXGroup section */

/* Begin PBXNativeTarget section */
		870EC0F128974C0700ED8CC1 /* MiniApp70-RxSwift12-TableView */ = {
			isa = PBXNativeTarget;
			buildConfigurationList = 870EC10628974C0800ED8CC1 /* Build configuration list for PBXNativeTarget "MiniApp70-RxSwift12-TableView" */;
			buildPhases = (
				870EC0EE28974C0700ED8CC1 /* Sources */,
				870EC0EF28974C0700ED8CC1 /* Frameworks */,
				870EC0F028974C0700ED8CC1 /* Resources */,
			);
			buildRules = (
			);
			dependencies = (
			);
			name = "MiniApp70-RxSwift12-TableView";
			packageProductDependencies = (
				870EC10A28974C3E00ED8CC1 /* RxCocoa */,
				870EC10C28974C3E00ED8CC1 /* RxSwift */,
			);
			productName = "MiniApp70-RxSwift12-TableView";
			productReference = 870EC0F228974C0700ED8CC1 /* MiniApp70-RxSwift12-TableView.app */;
			productType = "com.apple.product-type.application";
		};
/* End PBXNativeTarget section */

/* Begin PBXProject section */
		870EC0EA28974C0700ED8CC1 /* Project object */ = {
			isa = PBXProject;
			attributes = {
				BuildIndependentTargetsInParallel = 1;
				LastSwiftUpdateCheck = 1340;
				LastUpgradeCheck = 1340;
				TargetAttributes = {
					870EC0F128974C0700ED8CC1 = {
						CreatedOnToolsVersion = 13.4.1;
					};
				};
			};
			buildConfigurationList = 870EC0ED28974C0700ED8CC1 /* Build configuration list for PBXProject "MiniApp70-RxSwift12-TableView" */;
			compatibilityVersion = "Xcode 13.0";
			developmentRegion = en;
			hasScannedForEncodings = 0;
			knownRegions = (
				en,
				Base,
			);
			mainGroup = 870EC0E928974C0700ED8CC1;
			packageReferences = (
				870EC10928974C3E00ED8CC1 /* XCRemoteSwiftPackageReference "RxSwift" */,
			);
			productRefGroup = 870EC0F328974C0700ED8CC1 /* Products */;
			projectDirPath = "";
			projectRoot = "";
			targets = (
				870EC0F128974C0700ED8CC1 /* MiniApp70-RxSwift12-TableView */,
			);
		};
/* End PBXProject section */

/* Begin PBXResourcesBuildPhase section */
		870EC0F028974C0700ED8CC1 /* Resources */ = {
			isa = PBXResourcesBuildPhase;
			buildActionMask = 2147483647;
			files = (
				870EC10228974C0800ED8CC1 /* LaunchScreen.storyboard in Resources */,
				870EC11728974D8700ED8CC1 /* TableViewCell.xib in Resources */,
				870EC0FF28974C0800ED8CC1 /* Assets.xcassets in Resources */,
				870EC0FD28974C0700ED8CC1 /* Main.storyboard in Resources */,
			);
			runOnlyForDeploymentPostprocessing = 0;
		};
/* End PBXResourcesBuildPhase section */

/* Begin PBXSourcesBuildPhase section */
		870EC0EE28974C0700ED8CC1 /* Sources */ = {
			isa = PBXSourcesBuildPhase;
			buildActionMask = 2147483647;
			files = (
				870EC11128974D0F00ED8CC1 /* SampleViewModel.swift in Sources */,
				870EC0FA28974C0700ED8CC1 /* ViewController.swift in Sources */,
				870EC0F628974C0700ED8CC1 /* AppDelegate.swift in Sources */,
				870EC11628974D8700ED8CC1 /* TableViewCell.swift in Sources */,
				870EC0F828974C0700ED8CC1 /* SceneDelegate.swift in Sources */,
				870EC10F28974CC500ED8CC1 /* SampleModel.swift in Sources */,
				870EC1192897531900ED8CC1 /* MyDataSource.swift in Sources */,
			);
			runOnlyForDeploymentPostprocessing = 0;
		};
/* End PBXSourcesBuildPhase section */

/* Begin PBXVariantGroup section */
		870EC0FB28974C0700ED8CC1 /* Main.storyboard */ = {
			isa = PBXVariantGroup;
			children = (
				870EC0FC28974C0700ED8CC1 /* Base */,
			);
			name = Main.storyboard;
			sourceTree = "<group>";
		};
		870EC10028974C0800ED8CC1 /* LaunchScreen.storyboard */ = {
			isa = PBXVariantGroup;
			children = (
				870EC10128974C0800ED8CC1 /* Base */,
			);
			name = LaunchScreen.storyboard;
			sourceTree = "<group>";
		};
/* End PBXVariantGroup section */

/* Begin XCBuildConfiguration section */
		870EC10428974C0800ED8CC1 /* Debug */ = {
			isa = XCBuildConfiguration;
			buildSettings = {
				ALWAYS_SEARCH_USER_PATHS = NO;
				CLANG_ANALYZER_NONNULL = YES;
				CLANG_ANALYZER_NUMBER_OBJECT_CONVERSION = YES_AGGRESSIVE;
				CLANG_CXX_LANGUAGE_STANDARD = "gnu++17";
				CLANG_ENABLE_MODULES = YES;
				CLANG_ENABLE_OBJC_ARC = YES;
				CLANG_ENABLE_OBJC_WEAK = YES;
				CLANG_WARN_BLOCK_CAPTURE_AUTORELEASING = YES;
				CLANG_WARN_BOOL_CONVERSION = YES;
				CLANG_WARN_COMMA = YES;
				CLANG_WARN_CONSTANT_CONVERSION = YES;
				CLANG_WARN_DEPRECATED_OBJC_IMPLEMENTATIONS = YES;
				CLANG_WARN_DIRECT_OBJC_ISA_USAGE = YES_ERROR;
				CLANG_WARN_DOCUMENTATION_COMMENTS = YES;
				CLANG_WARN_EMPTY_BODY = YES;
				CLANG_WARN_ENUM_CONVERSION = YES;
				CLANG_WARN_INFINITE_RECURSION = YES;
				CLANG_WARN_INT_CONVERSION = YES;
				CLANG_WARN_NON_LITERAL_NULL_CONVERSION = YES;
				CLANG_WARN_OBJC_IMPLICIT_RETAIN_SELF = YES;
				CLANG_WARN_OBJC_LITERAL_CONVERSION = YES;
				CLANG_WARN_OBJC_ROOT_CLASS = YES_ERROR;
				CLANG_WARN_QUOTED_INCLUDE_IN_FRAMEWORK_HEADER = YES;
				CLANG_WARN_RANGE_LOOP_ANALYSIS = YES;
				CLANG_WARN_STRICT_PROTOTYPES = YES;
				CLANG_WARN_SUSPICIOUS_MOVE = YES;
				CLANG_WARN_UNGUARDED_AVAILABILITY = YES_AGGRESSIVE;
				CLANG_WARN_UNREACHABLE_CODE = YES;
				CLANG_WARN__DUPLICATE_METHOD_MATCH = YES;
				COPY_PHASE_STRIP = NO;
				DEBUG_INFORMATION_FORMAT = dwarf;
				ENABLE_STRICT_OBJC_MSGSEND = YES;
				ENABLE_TESTABILITY = YES;
				GCC_C_LANGUAGE_STANDARD = gnu11;
				GCC_DYNAMIC_NO_PIC = NO;
				GCC_NO_COMMON_BLOCKS = YES;
				GCC_OPTIMIZATION_LEVEL = 0;
				GCC_PREPROCESSOR_DEFINITIONS = (
					"DEBUG=1",
					"$(inherited)",
				);
				GCC_WARN_64_TO_32_BIT_CONVERSION = YES;
				GCC_WARN_ABOUT_RETURN_TYPE = YES_ERROR;
				GCC_WARN_UNDECLARED_SELECTOR = YES;
				GCC_WARN_UNINITIALIZED_AUTOS = YES_AGGRESSIVE;
				GCC_WARN_UNUSED_FUNCTION = YES;
				GCC_WARN_UNUSED_VARIABLE = YES;
				IPHONEOS_DEPLOYMENT_TARGET = 15.5;
				MTL_ENABLE_DEBUG_INFO = INCLUDE_SOURCE;
				MTL_FAST_MATH = YES;
				ONLY_ACTIVE_ARCH = YES;
				SDKROOT = iphoneos;
				SWIFT_ACTIVE_COMPILATION_CONDITIONS = DEBUG;
				SWIFT_OPTIMIZATION_LEVEL = "-Onone";
			};
			name = Debug;
		};
		870EC10528974C0800ED8CC1 /* Release */ = {
			isa = XCBuildConfiguration;
			buildSettings = {
				ALWAYS_SEARCH_USER_PATHS = NO;
				CLANG_ANALYZER_NONNULL = YES;
				CLANG_ANALYZER_NUMBER_OBJECT_CONVERSION = YES_AGGRESSIVE;
				CLANG_CXX_LANGUAGE_STANDARD = "gnu++17";
				CLANG_ENABLE_MODULES = YES;
				CLANG_ENABLE_OBJC_ARC = YES;
				CLANG_ENABLE_OBJC_WEAK = YES;
				CLANG_WARN_BLOCK_CAPTURE_AUTORELEASING = YES;
				CLANG_WARN_BOOL_CONVERSION = YES;
				CLANG_WARN_COMMA = YES;
				CLANG_WARN_CONSTANT_CONVERSION = YES;
				CLANG_WARN_DEPRECATED_OBJC_IMPLEMENTATIONS = YES;
				CLANG_WARN_DIRECT_OBJC_ISA_USAGE = YES_ERROR;
				CLANG_WARN_DOCUMENTATION_COMMENTS = YES;
				CLANG_WARN_EMPTY_BODY = YES;
				CLANG_WARN_ENUM_CONVERSION = YES;
				CLANG_WARN_INFINITE_RECURSION = YES;
				CLANG_WARN_INT_CONVERSION = YES;
				CLANG_WARN_NON_LITERAL_NULL_CONVERSION = YES;
				CLANG_WARN_OBJC_IMPLICIT_RETAIN_SELF = YES;
				CLANG_WARN_OBJC_LITERAL_CONVERSION = YES;
				CLANG_WARN_OBJC_ROOT_CLASS = YES_ERROR;
				CLANG_WARN_QUOTED_INCLUDE_IN_FRAMEWORK_HEADER = YES;
				CLANG_WARN_RANGE_LOOP_ANALYSIS = YES;
				CLANG_WARN_STRICT_PROTOTYPES = YES;
				CLANG_WARN_SUSPICIOUS_MOVE = YES;
				CLANG_WARN_UNGUARDED_AVAILABILITY = YES_AGGRESSIVE;
				CLANG_WARN_UNREACHABLE_CODE = YES;
				CLANG_WARN__DUPLICATE_METHOD_MATCH = YES;
				COPY_PHASE_STRIP = NO;
				DEBUG_INFORMATION_FORMAT = "dwarf-with-dsym";
				ENABLE_NS_ASSERTIONS = NO;
				ENABLE_STRICT_OBJC_MSGSEND = YES;
				GCC_C_LANGUAGE_STANDARD = gnu11;
				GCC_NO_COMMON_BLOCKS = YES;
				GCC_WARN_64_TO_32_BIT_CONVERSION = YES;
				GCC_WARN_ABOUT_RETURN_TYPE = YES_ERROR;
				GCC_WARN_UNDECLARED_SELECTOR = YES;
				GCC_WARN_UNINITIALIZED_AUTOS = YES_AGGRESSIVE;
				GCC_WARN_UNUSED_FUNCTION = YES;
				GCC_WARN_UNUSED_VARIABLE = YES;
				IPHONEOS_DEPLOYMENT_TARGET = 15.5;
				MTL_ENABLE_DEBUG_INFO = NO;
				MTL_FAST_MATH = YES;
				SDKROOT = iphoneos;
				SWIFT_COMPILATION_MODE = wholemodule;
				SWIFT_OPTIMIZATION_LEVEL = "-O";
				VALIDATE_PRODUCT = YES;
			};
			name = Release;
		};
		870EC10728974C0800ED8CC1 /* Debug */ = {
			isa = XCBuildConfiguration;
			buildSettings = {
				ASSETCATALOG_COMPILER_APPICON_NAME = AppIcon;
				ASSETCATALOG_COMPILER_GLOBAL_ACCENT_COLOR_NAME = AccentColor;
				CODE_SIGN_STYLE = Automatic;
				CURRENT_PROJECT_VERSION = 1;
				DEVELOPMENT_TEAM = 558ZJSQN67;
				GENERATE_INFOPLIST_FILE = YES;
				INFOPLIST_FILE = "MiniApp70-RxSwift12-TableView/Info.plist";
				INFOPLIST_KEY_UIApplicationSupportsIndirectInputEvents = YES;
				INFOPLIST_KEY_UILaunchStoryboardName = LaunchScreen;
				INFOPLIST_KEY_UIMainStoryboardFile = Main;
				INFOPLIST_KEY_UISupportedInterfaceOrientations_iPad = "UIInterfaceOrientationPortrait UIInterfaceOrientationPortraitUpsideDown UIInterfaceOrientationLandscapeLeft UIInterfaceOrientationLandscapeRight";
				INFOPLIST_KEY_UISupportedInterfaceOrientations_iPhone = "UIInterfaceOrientationPortrait UIInterfaceOrientationLandscapeLeft UIInterfaceOrientationLandscapeRight";
				LD_RUNPATH_SEARCH_PATHS = (
					"$(inherited)",
					"@executable_path/Frameworks",
				);
				MARKETING_VERSION = 1.0;
				PRODUCT_BUNDLE_IDENTIFIER = "org.tetoblog.MiniApp70-RxSwift12-TableView";
				PRODUCT_NAME = "$(TARGET_NAME)";
				SWIFT_EMIT_LOC_STRINGS = YES;
				SWIFT_VERSION = 5.0;
				TARGETED_DEVICE_FAMILY = "1,2";
			};
			name = Debug;
		};
		870EC10828974C0800ED8CC1 /* Release */ = {
			isa = XCBuildConfiguration;
			buildSettings = {
				ASSETCATALOG_COMPILER_APPICON_NAME = AppIcon;
				ASSETCATALOG_COMPILER_GLOBAL_ACCENT_COLOR_NAME = AccentColor;
				CODE_SIGN_STYLE = Automatic;
				CURRENT_PROJECT_VERSION = 1;
				DEVELOPMENT_TEAM = 558ZJSQN67;
				GENERATE_INFOPLIST_FILE = YES;
				INFOPLIST_FILE = "MiniApp70-RxSwift12-TableView/Info.plist";
				INFOPLIST_KEY_UIApplicationSupportsIndirectInputEvents = YES;
				INFOPLIST_KEY_UILaunchStoryboardName = LaunchScreen;
				INFOPLIST_KEY_UIMainStoryboardFile = Main;
				INFOPLIST_KEY_UISupportedInterfaceOrientations_iPad = "UIInterfaceOrientationPortrait UIInterfaceOrientationPortraitUpsideDown UIInterfaceOrientationLandscapeLeft UIInterfaceOrientationLandscapeRight";
				INFOPLIST_KEY_UISupportedInterfaceOrientations_iPhone = "UIInterfaceOrientationPortrait UIInterfaceOrientationLandscapeLeft UIInterfaceOrientationLandscapeRight";
				LD_RUNPATH_SEARCH_PATHS = (
					"$(inherited)",
					"@executable_path/Frameworks",
				);
				MARKETING_VERSION = 1.0;
				PRODUCT_BUNDLE_IDENTIFIER = "org.tetoblog.MiniApp70-RxSwift12-TableView";
				PRODUCT_NAME = "$(TARGET_NAME)";
				SWIFT_EMIT_LOC_STRINGS = YES;
				SWIFT_VERSION = 5.0;
				TARGETED_DEVICE_FAMILY = "1,2";
			};
			name = Release;
		};
/* End XCBuildConfiguration section */

/* Begin XCConfigurationList section */
		870EC0ED28974C0700ED8CC1 /* Build configuration list for PBXProject "MiniApp70-RxSwift12-TableView" */ = {
			isa = XCConfigurationList;
			buildConfigurations = (
				870EC10428974C0800ED8CC1 /* Debug */,
				870EC10528974C0800ED8CC1 /* Release */,
			);
			defaultConfigurationIsVisible = 0;
			defaultConfigurationName = Release;
		};
		870EC10628974C0800ED8CC1 /* Build configuration list for PBXNativeTarget "MiniApp70-RxSwift12-TableView" */ = {
			isa = XCConfigurationList;
			buildConfigurations = (
				870EC10728974C0800ED8CC1 /* Debug */,
				870EC10828974C0800ED8CC1 /* Release */,
			);
			defaultConfigurationIsVisible = 0;
			defaultConfigurationName = Release;
		};
/* End XCConfigurationList section */

/* Begin XCRemoteSwiftPackageReference section */
		870EC10928974C3E00ED8CC1 /* XCRemoteSwiftPackageReference "RxSwift" */ = {
			isa = XCRemoteSwiftPackageReference;
			repositoryURL = "https://github.com/ReactiveX/RxSwift";
			requirement = {
				kind = upToNextMajorVersion;
				minimumVersion = 6.0.0;
			};
		};
/* End XCRemoteSwiftPackageReference section */

/* Begin XCSwiftPackageProductDependency section */
		870EC10A28974C3E00ED8CC1 /* RxCocoa */ = {
			isa = XCSwiftPackageProductDependency;
			package = 870EC10928974C3E00ED8CC1 /* XCRemoteSwiftPackageReference "RxSwift" */;
			productName = RxCocoa;
		};
		870EC10C28974C3E00ED8CC1 /* RxSwift */ = {
			isa = XCSwiftPackageProductDependency;
			package = 870EC10928974C3E00ED8CC1 /* XCRemoteSwiftPackageReference "RxSwift" */;
			productName = RxSwift;
		};
/* End XCSwiftPackageProductDependency section */
	};
	rootObject = 870EC0EA28974C0700ED8CC1 /* Project object */;
}
